// !$*UTF8*$!
{
	archiveVersion = 1;
	classes = {
	};
	objectVersion = 46;
	objects = {

/* Begin PBXBuildFile section */
		CC23A7361DAB7EBC00CEB512 /* README.md in Sources */ = {isa = PBXBuildFile; fileRef = CC23A7351DAB7EBC00CEB512 /* README.md */; };
		CC23A7411DAB9B3400CEB512 /* AppDelegate.swift in Sources */ = {isa = PBXBuildFile; fileRef = CC23A7381DAB9B3400CEB512 /* AppDelegate.swift */; };
		CC23A7421DAB9B3400CEB512 /* Assets.xcassets in Resources */ = {isa = PBXBuildFile; fileRef = CC23A7391DAB9B3400CEB512 /* Assets.xcassets */; };
		CC23A7431DAB9B3400CEB512 /* LaunchScreen.storyboard in Resources */ = {isa = PBXBuildFile; fileRef = CC23A73A1DAB9B3400CEB512 /* LaunchScreen.storyboard */; };
		CC23A7441DAB9B3400CEB512 /* Main.storyboard in Resources */ = {isa = PBXBuildFile; fileRef = CC23A73C1DAB9B3400CEB512 /* Main.storyboard */; };
		CC23A7451DAB9B3400CEB512 /* Info.plist in Resources */ = {isa = PBXBuildFile; fileRef = CC23A73E1DAB9B3400CEB512 /* Info.plist */; };
		CC23A7461DAB9B3400CEB512 /* SwitchableViewController.swift in Sources */ = {isa = PBXBuildFile; fileRef = CC23A73F1DAB9B3400CEB512 /* SwitchableViewController.swift */; };
		CC23A7471DAB9B3400CEB512 /* ViewController.swift in Sources */ = {isa = PBXBuildFile; fileRef = CC23A7401DAB9B3400CEB512 /* ViewController.swift */; };
/* End PBXBuildFile section */

/* Begin PBXFileReference section */
		CC23A71C1DAB5C2400CEB512 /* SwitchableViewController.app */ = {isa = PBXFileReference; explicitFileType = wrapper.application; includeInIndex = 0; path = SwitchableViewController.app; sourceTree = BUILT_PRODUCTS_DIR; };
		CC23A7351DAB7EBC00CEB512 /* README.md */ = {isa = PBXFileReference; fileEncoding = 4; lastKnownFileType = net.daringfireball.markdown; path = README.md; sourceTree = "<group>"; };
		CC23A7381DAB9B3400CEB512 /* AppDelegate.swift */ = {isa = PBXFileReference; fileEncoding = 4; lastKnownFileType = sourcecode.swift; path = AppDelegate.swift; sourceTree = "<group>"; };
		CC23A7391DAB9B3400CEB512 /* Assets.xcassets */ = {isa = PBXFileReference; lastKnownFileType = folder.assetcatalog; path = Assets.xcassets; sourceTree = "<group>"; };
		CC23A73B1DAB9B3400CEB512 /* Base */ = {isa = PBXFileReference; lastKnownFileType = file.storyboard; name = Base; path = Base.lproj/LaunchScreen.storyboard; sourceTree = "<group>"; };
		CC23A73D1DAB9B3400CEB512 /* Base */ = {isa = PBXFileReference; lastKnownFileType = file.storyboard; name = Base; path = Base.lproj/Main.storyboard; sourceTree = "<group>"; };
		CC23A73E1DAB9B3400CEB512 /* Info.plist */ = {isa = PBXFileReference; fileEncoding = 4; lastKnownFileType = text.plist.xml; path = Info.plist; sourceTree = "<group>"; };
		CC23A73F1DAB9B3400CEB512 /* SwitchableViewController.swift */ = {isa = PBXFileReference; fileEncoding = 4; lastKnownFileType = sourcecode.swift; path = SwitchableViewController.swift; sourceTree = "<group>"; };
		CC23A7401DAB9B3400CEB512 /* ViewController.swift */ = {isa = PBXFileReference; fileEncoding = 4; lastKnownFileType = sourcecode.swift; path = ViewController.swift; sourceTree = "<group>"; };
/* End PBXFileReference section */

/* Begin PBXFrameworksBuildPhase section */
		CC23A7191DAB5C2400CEB512 /* Frameworks */ = {
			isa = PBXFrameworksBuildPhase;
			buildActionMask = 2147483647;
			files = (
			);
			runOnlyForDeploymentPostprocessing = 0;
		};
/* End PBXFrameworksBuildPhase section */

/* Begin PBXGroup section */
		CC23A7131DAB5C2400CEB512 = {
			isa = PBXGroup;
			children = (
				CC23A7351DAB7EBC00CEB512 /* README.md */,
				CC23A7371DAB9B3400CEB512 /* SwitchableViewController */,
				CC23A71D1DAB5C2400CEB512 /* Products */,
			);
			sourceTree = "<group>";
		};
		CC23A71D1DAB5C2400CEB512 /* Products */ = {
			isa = PBXGroup;
			children = (
				CC23A71C1DAB5C2400CEB512 /* SwitchableViewController.app */,
			);
			name = Products;
			sourceTree = "<group>";
		};
		CC23A7371DAB9B3400CEB512 /* SwitchableViewController */ = {
			isa = PBXGroup;
			children = (
				CC23A7381DAB9B3400CEB512 /* AppDelegate.swift */,
				CC23A7391DAB9B3400CEB512 /* Assets.xcassets */,
				CC23A73A1DAB9B3400CEB512 /* LaunchScreen.storyboard */,
				CC23A73C1DAB9B3400CEB512 /* Main.storyboard */,
				CC23A73E1DAB9B3400CEB512 /* Info.plist */,
				CC23A73F1DAB9B3400CEB512 /* SwitchableViewController.swift */,
				CC23A7401DAB9B3400CEB512 /* ViewController.swift */,
			);
			path = SwitchableViewController;
			sourceTree = "<group>";
		};
/* End PBXGroup section */

/* Begin PBXNativeTarget section */
		CC23A71B1DAB5C2400CEB512 /* SwitchableViewController */ = {
			isa = PBXNativeTarget;
			buildConfigurationList = CC23A72E1DAB5C2400CEB512 /* Build configuration list for PBXNativeTarget "SwitchableViewController" */;
			buildPhases = (
				CC23A7181DAB5C2400CEB512 /* Sources */,
				CC23A7191DAB5C2400CEB512 /* Frameworks */,
				CC23A71A1DAB5C2400CEB512 /* Resources */,
			);
			buildRules = (
			);
			dependencies = (
			);
			name = SwitchableViewController;
			productName = SwitchingViewController;
			productReference = CC23A71C1DAB5C2400CEB512 /* SwitchableViewController.app */;
			productType = "com.apple.product-type.application";
		};
/* End PBXNativeTarget section */

/* Begin PBXProject section */
		CC23A7141DAB5C2400CEB512 /* Project object */ = {
			isa = PBXProject;
			attributes = {
				LastSwiftUpdateCheck = 0800;
				LastUpgradeCheck = 0800;
				ORGANIZATIONNAME = "Electricwoods LLC";
				TargetAttributes = {
					CC23A71B1DAB5C2400CEB512 = {
						CreatedOnToolsVersion = 8.0;
						DevelopmentTeam = 2P97EM4L4N;
						ProvisioningStyle = Automatic;
					};
				};
			};
			buildConfigurationList = CC23A7171DAB5C2400CEB512 /* Build configuration list for PBXProject "SwitchableViewController" */;
			compatibilityVersion = "Xcode 3.2";
			developmentRegion = English;
			hasScannedForEncodings = 0;
			knownRegions = (
				en,
				Base,
			);
			mainGroup = CC23A7131DAB5C2400CEB512;
			productRefGroup = CC23A71D1DAB5C2400CEB512 /* Products */;
			projectDirPath = "";
			projectRoot = "";
			targets = (
				CC23A71B1DAB5C2400CEB512 /* SwitchableViewController */,
			);
		};
/* End PBXProject section */

/* Begin PBXResourcesBuildPhase section */
		CC23A71A1DAB5C2400CEB512 /* Resources */ = {
			isa = PBXResourcesBuildPhase;
			buildActionMask = 2147483647;
			files = (
				CC23A7421DAB9B3400CEB512 /* Assets.xcassets in Resources */,
				CC23A7441DAB9B3400CEB512 /* Main.storyboard in Resources */,
				CC23A7431DAB9B3400CEB512 /* LaunchScreen.storyboard in Resources */,
				CC23A7451DAB9B3400CEB512 /* Info.plist in Resources */,
			);
			runOnlyForDeploymentPostprocessing = 0;
		};
/* End PBXResourcesBuildPhase section */

/* Begin PBXSourcesBuildPhase section */
		CC23A7181DAB5C2400CEB512 /* Sources */ = {
			isa = PBXSourcesBuildPhase;
			buildActionMask = 2147483647;
			files = (
				CC23A7461DAB9B3400CEB512 /* SwitchableViewController.swift in Sources */,
				CC23A7361DAB7EBC00CEB512 /* README.md in Sources */,
				CC23A7471DAB9B3400CEB512 /* ViewController.swift in Sources */,
				CC23A7411DAB9B3400CEB512 /* AppDelegate.swift in Sources */,
			);
			runOnlyForDeploymentPostprocessing = 0;
		};
/* End PBXSourcesBuildPhase section */

/* Begin PBXVariantGroup section */
		CC23A73A1DAB9B3400CEB512 /* LaunchScreen.storyboard */ = {
			isa = PBXVariantGroup;
			children = (
				CC23A73B1DAB9B3400CEB512 /* Base */,
			);
			name = LaunchScreen.storyboard;
			sourceTree = "<group>";
		};
		CC23A73C1DAB9B3400CEB512 /* Main.storyboard */ = {
			isa = PBXVariantGroup;
			children = (
				CC23A73D1DAB9B3400CEB512 /* Base */,
			);
			name = Main.storyboard;
			sourceTree = "<group>";
		};
/* End PBXVariantGroup section */

/* Begin XCBuildConfiguration section */
		CC23A72C1DAB5C2400CEB512 /* Debug */ = {
			isa = XCBuildConfiguration;
			buildSettings = {
				ALWAYS_SEARCH_USER_PATHS = NO;
				CLANG_ANALYZER_NONNULL = YES;
				CLANG_CXX_LANGUAGE_STANDARD = "gnu++0x";
				CLANG_CXX_LIBRARY = "libc++";
				CLANG_ENABLE_MODULES = YES;
				CLANG_ENABLE_OBJC_ARC = YES;
				CLANG_WARN_BOOL_CONVERSION = YES;
				CLANG_WARN_CONSTANT_CONVERSION = YES;
				CLANG_WARN_DIRECT_OBJC_ISA_USAGE = YES_ERROR;
				CLANG_WARN_DOCUMENTATION_COMMENTS = YES;
				CLANG_WARN_EMPTY_BODY = YES;
				CLANG_WARN_ENUM_CONVERSION = YES;
				CLANG_WARN_INFINITE_RECURSION = YES;
				CLANG_WARN_INT_CONVERSION = YES;
				CLANG_WARN_OBJC_ROOT_CLASS = YES_ERROR;
				CLANG_WARN_SUSPICIOUS_MOVES = YES;
				CLANG_WARN_UNREACHABLE_CODE = YES;
				CLANG_WARN__DUPLICATE_METHOD_MATCH = YES;
				"CODE_SIGN_IDENTITY[sdk=iphoneos*]" = "iPhone Developer";
				COPY_PHASE_STRIP = NO;
				DEBUG_INFORMATION_FORMAT = dwarf;
				ENABLE_STRICT_OBJC_MSGSEND = YES;
				ENABLE_TESTABILITY = YES;
				GCC_C_LANGUAGE_STANDARD = gnu99;
				GCC_DYNAMIC_NO_PIC = NO;
				GCC_NO_COMMON_BLOCKS = YES;
				GCC_OPTIMIZATION_LEVEL = 0;
				GCC_PREPROCESSOR_DEFINITIONS = (
					"DEBUG=1",
					"$(inherited)",
				);
				GCC_WARN_64_TO_32_BIT_CONVERSION = YES;
				GCC_WARN_ABOUT_RETURN_TYPE = YES_ERROR;
				GCC_WARN_UNDECLARED_SELECTOR = YES;
				GCC_WARN_UNINITIALIZED_AUTOS = YES_AGGRESSIVE;
				GCC_WARN_UNUSED_FUNCTION = YES;
				GCC_WARN_UNUSED_VARIABLE = YES;
				IPHONEOS_DEPLOYMENT_TARGET = 10.0;
				MTL_ENABLE_DEBUG_INFO = YES;
				ONLY_ACTIVE_ARCH = YES;
				SDKROOT = iphoneos;
				SWIFT_ACTIVE_COMPILATION_CONDITIONS = DEBUG;
				SWIFT_OPTIMIZATION_LEVEL = "-Onone";
				TARGETED_DEVICE_FAMILY = 2;
			};
			name = Debug;
		};
		CC23A72D1DAB5C2400CEB512 /* Release */ = {
			isa = XCBuildConfiguration;
			buildSettings = {
				ALWAYS_SEARCH_USER_PATHS = NO;
				CLANG_ANALYZER_NONNULL = YES;
				CLANG_CXX_LANGUAGE_STANDARD = "gnu++0x";
				CLANG_CXX_LIBRARY = "libc++";
				CLANG_ENABLE_MODULES = YES;
				CLANG_ENABLE_OBJC_ARC = YES;
				CLANG_WARN_BOOL_CONVERSION = YES;
				CLANG_WARN_CONSTANT_CONVERSION = YES;
				CLANG_WARN_DIRECT_OBJC_ISA_USAGE = YES_ERROR;
				CLANG_WARN_DOCUMENTATION_COMMENTS = YES;
				CLANG_WARN_EMPTY_BODY = YES;
				CLANG_WARN_ENUM_CONVERSION = YES;
				CLANG_WARN_INFINITE_RECURSION = YES;
				CLANG_WARN_INT_CONVERSION = YES;
				CLANG_WARN_OBJC_ROOT_CLASS = YES_ERROR;
				CLANG_WARN_SUSPICIOUS_MOVES = YES;
				CLANG_WARN_UNREACHABLE_CODE = YES;
				CLANG_WARN__DUPLICATE_METHOD_MATCH = YES;
				"CODE_SIGN_IDENTITY[sdk=iphoneos*]" = "iPhone Developer";
				COPY_PHASE_STRIP = NO;
				DEBUG_INFORMATION_FORMAT = "dwarf-with-dsym";
				ENABLE_NS_ASSERTIONS = NO;
				ENABLE_STRICT_OBJC_MSGSEND = YES;
				GCC_C_LANGUAGE_STANDARD = gnu99;
				GCC_NO_COMMON_BLOCKS = YES;
				GCC_WARN_64_TO_32_BIT_CONVERSION = YES;
				GCC_WARN_ABOUT_RETURN_TYPE = YES_ERROR;
				GCC_WARN_UNDECLARED_SELECTOR = YES;
				GCC_WARN_UNINITIALIZED_AUTOS = YES_AGGRESSIVE;
				GCC_WARN_UNUSED_FUNCTION = YES;
				GCC_WARN_UNUSED_VARIABLE = YES;
				IPHONEOS_DEPLOYMENT_TARGET = 10.0;
				MTL_ENABLE_DEBUG_INFO = NO;
				SDKROOT = iphoneos;
				SWIFT_OPTIMIZATION_LEVEL = "-Owholemodule";
				TARGETED_DEVICE_FAMILY = 2;
				VALIDATE_PRODUCT = YES;
			};
			name = Release;
		};
		CC23A72F1DAB5C2400CEB512 /* Debug */ = {
			isa = XCBuildConfiguration;
			buildSettings = {
				ASSETCATALOG_COMPILER_APPICON_NAME = AppIcon;
				DEVELOPMENT_TEAM = 2P97EM4L4N;
				INFOPLIST_FILE = "$(SRCROOT)/SwitchableViewController/Info.plist";
				LD_RUNPATH_SEARCH_PATHS = "$(inherited) @executable_path/Frameworks";
				PRODUCT_BUNDLE_IDENTIFIER = com.electricwoods.SwitchingViewController;
				PRODUCT_NAME = "$(TARGET_NAME)";
				SWIFT_VERSION = 3.0;
				TARGETED_DEVICE_FAMILY = 1;
			};
			name = Debug;
		};
		CC23A7301DAB5C2400CEB512 /* Release */ = {
			isa = XCBuildConfiguration;
			buildSettings = {
				ASSETCATALOG_COMPILER_APPICON_NAME = AppIcon;
				DEVELOPMENT_TEAM = 2P97EM4L4N;
				INFOPLIST_FILE = "$(SRCROOT)/SwitchableViewController/Info.plist";
				LD_RUNPATH_SEARCH_PATHS = "$(inherited) @executable_path/Frameworks";
				PRODUCT_BUNDLE_IDENTIFIER = com.electricwoods.SwitchingViewController;
				PRODUCT_NAME = "$(TARGET_NAME)";
				SWIFT_VERSION = 3.0;
				TARGETED_DEVICE_FAMILY = 1;
			};
			name = Release;
		};
/* End XCBuildConfiguration section */

/* Begin XCConfigurationList section */
		CC23A7171DAB5C2400CEB512 /* Build configuration list for PBXProject "SwitchableViewController" */ = {
			isa = XCConfigurationList;
			buildConfigurations = (
				CC23A72C1DAB5C2400CEB512 /* Debug */,
				CC23A72D1DAB5C2400CEB512 /* Release */,
			);
			defaultConfigurationIsVisible = 0;
			defaultConfigurationName = Release;
		};
		CC23A72E1DAB5C2400CEB512 /* Build configuration list for PBXNativeTarget "SwitchableViewController" */ = {
			isa = XCConfigurationList;
			buildConfigurations = (
				CC23A72F1DAB5C2400CEB512 /* Debug */,
				CC23A7301DAB5C2400CEB512 /* Release */,
			);
			defaultConfigurationIsVisible = 0;
			defaultConfigurationName = Release;
		};
/* End XCConfigurationList section */
	};
	rootObject = CC23A7141DAB5C2400CEB512 /* Project object */;
}
